
Microsoft Visual Studio Solution File, Format Version 12.00
# Visual Studio Version 16
VisualStudioVersion = 16.0.29509.3
MinimumVisualStudioVersion = 10.0.40219.1
Project("{FAE04EC0-301F-11D3-BF4B-00C04F79EFBC}") = "Brass.Materiais.Dominio", "Brass.Materiais.Dominio\Brass.Materiais.Dominio.csproj", "{DFAB2249-8050-4626-AE11-B34476C4CA94}"
EndProject
Project("{2150E333-8FDC-42A3-9474-1A3956D46DE8}") = "1-Infraestrurra", "1-Infraestrurra", "{619485B8-2019-40FE-86E3-A77F72E63C74}"
EndProject
Project("{2150E333-8FDC-42A3-9474-1A3956D46DE8}") = "0-Dominios", "0-Dominios", "{7AD88243-45B6-486E-897A-DCC65397EF0F}"
EndProject
Project("{FAE04EC0-301F-11D3-BF4B-00C04F79EFBC}") = "Brass.Materiais.RepositorioSQLServer.UnitTest", "Brass.Materiais.RepositorioSQLServer.UnitTest\Brass.Materiais.RepositorioSQLServer.UnitTest.csproj", "{AD31D1ED-60D7-40B7-B755-DA9B2BF3ACEE}"
EndProject
Project("{FAE04EC0-301F-11D3-BF4B-00C04F79EFBC}") = "Brass.Materiais.Dominio.Servico", "Brass.Materiais.Dominio.Servico\Brass.Materiais.Dominio.Servico.csproj", "{ECF25A8E-5C96-42FF-9360-81C19A5D04B1}"
EndProject
Project("{FAE04EC0-301F-11D3-BF4B-00C04F79EFBC}") = "Brass.Materiais.RepositorioSQLitePlant", "Brass.Materiais.RepositorioSQLitePlant\Brass.Materiais.RepositorioSQLitePlant.csproj", "{5ECBBF65-36A4-4EB4-A3B7-B70832F3B219}"
EndProject
Project("{FAE04EC0-301F-11D3-BF4B-00C04F79EFBC}") = "SQLiteWithCSharp.Utility", "..\SQLiteWithCSharp\SQLiteWithCSharp.Utility\SQLiteWithCSharp.Utility.csproj", "{9AD0BCA7-7DFD-41F8-A906-753DBDF0E3E8}"
EndProject
Project("{FAE04EC0-301F-11D3-BF4B-00C04F79EFBC}") = "Brass.Materiais.RepositorioSQLitePlant.Teste", "Brass.Materiais.RepositorioSQLitePlant.Teste\Brass.Materiais.RepositorioSQLitePlant.Teste.csproj", "{39819896-8931-4469-AB87-C849FD85FD8B}"
EndProject
Project("{FAE04EC0-301F-11D3-BF4B-00C04F79EFBC}") = "Brass.Materiais.MetaCatalogo", "Brass.Materiais.MetaCatalogo\Brass.Materiais.MetaCatalogo.csproj", "{B47938E4-0BCB-4D51-9B82-AC470A77C7DD}"
EndProject
Project("{2150E333-8FDC-42A3-9474-1A3956D46DE8}") = "1.2-Repositorios", "1.2-Repositorios", "{D1C936F4-5DBE-4962-A982-4781DDFD1D13}"
EndProject
Project("{2150E333-8FDC-42A3-9474-1A3956D46DE8}") = "1.1-Utils", "1.1-Utils", "{5235DD2A-216B-4813-ACC6-5A43AB13BE00}"
EndProject
Project("{2150E333-8FDC-42A3-9474-1A3956D46DE8}") = "1.3-Testes Unitarios", "1.3-Testes Unitarios", "{1703EA4B-8498-48D7-97D2-59A5DE59137D}"
EndProject
Project("{2150E333-8FDC-42A3-9474-1A3956D46DE8}") = "3.3-PQ", "3.3-PQ", "{E77BA368-A5E8-49B1-9C93-131E4378AA84}"
EndProject
Project("{2150E333-8FDC-42A3-9474-1A3956D46DE8}") = "3.2.2-Testes Unitarios", "3.2.2-Testes Unitarios", "{0F087486-AFEE-4D65-BCD2-C2C5827F7F0D}"
EndProject
Project("{FAE04EC0-301F-11D3-BF4B-00C04F79EFBC}") = "Brass.Materiais.Dominio.Testes", "Brass.Materiais.Dominio.Testes\Brass.Materiais.Dominio.Testes.csproj", "{12A49C1C-7C96-442A-9802-32449BD9C0A0}"
EndProject
Project("{FAE04EC0-301F-11D3-BF4B-00C04F79EFBC}") = "Brass.Materiais.UnitTest", "Brass.Materiais.UnitTest\Brass.Materiais.UnitTest.csproj", "{5A754248-1A55-499B-8B53-AC99AC1630A7}"
EndProject
Project("{2150E333-8FDC-42A3-9474-1A3956D46DE8}") = "3-Servicos", "3-Servicos", "{C709983C-F951-49B1-911C-FD08DA3DA1C4}"
EndProject
Project("{2150E333-8FDC-42A3-9474-1A3956D46DE8}") = "2-ServiceProvider", "2-ServiceProvider", "{D3ECA88E-3AD6-4AC8-A700-2D118A5AB67F}"
EndProject
Project("{FAE04EC0-301F-11D3-BF4B-00C04F79EFBC}") = "Brass.Materiais.InjecaoDependencia", "Brass.Materiais.InjecaoDependencia\Brass.Materiais.InjecaoDependencia.csproj", "{3DF38BD2-FE36-463F-8D54-57D619526CEC}"
EndProject
Project("{FAE04EC0-301F-11D3-BF4B-00C04F79EFBC}") = "Brass.Materiais.WebApi", "Brass.Materiais.WebApi\Brass.Materiais.WebApi.csproj", "{61051841-C985-4BF4-9945-8CE6D27EAB4A}"
EndProject
Project("{2150E333-8FDC-42A3-9474-1A3956D46DE8}") = "4.1-Gestao Catalogo", "4.1-Gestao Catalogo", "{D1FE36EC-7869-4AE9-A6E9-55BC2FD9DF2A}"
EndProject
Project("{FAE04EC0-301F-11D3-BF4B-00C04F79EFBC}") = "Brass.Materiais.RepositorioSQLServer", "Brass.Materiais.RepositorioSQLServer\Brass.Materiais.RepositorioSQLServer.csproj", "{AC6C3BA2-36E7-4637-A605-D714266D0C5F}"
EndProject
Project("{FAE04EC0-301F-11D3-BF4B-00C04F79EFBC}") = "Brass.Materiais.RepoSQLServerDapper", "Brass.Materiais.RepoSQLServerDapper\Brass.Materiais.RepoSQLServerDapper.csproj", "{A9669364-DE86-499C-AA8A-2082F8A8D907}"
EndProject
Project("{FAE04EC0-301F-11D3-BF4B-00C04F79EFBC}") = "Brass.Materiais.SQLServerDapper", "Brass.Materiais.SQLServerDapper\Brass.Materiais.SQLServerDapper.csproj", "{48325D4C-44AC-4212-A6F0-2C70935E85B1}"
EndProject
Project("{FAE04EC0-301F-11D3-BF4B-00C04F79EFBC}") = "Brass.Materiais.RepoMongoDBCatalogo", "Brass.Materiais.RepoMongoDBCatalogo\Brass.Materiais.RepoMongoDBCatalogo.csproj", "{AB665BB9-53D5-4982-9A50-345225C93256}"
EndProject
Project("{FAE04EC0-301F-11D3-BF4B-00C04F79EFBC}") = "Brass.Materiais.PQ", "Brass.Materiais.PQ\Brass.Materiais.PQ.csproj", "{99842149-68C6-49B7-B901-C2630DA72F0D}"
EndProject
Project("{FAE04EC0-301F-11D3-BF4B-00C04F79EFBC}") = "Brass.Materiais.Dominio.Utils", "Brass.Materiais.Dominio.Utils\Brass.Materiais.Dominio.Utils.csproj", "{7DD22068-369A-47C4-9DFB-CAF52FF1C541}"
EndProject
Project("{2150E333-8FDC-42A3-9474-1A3956D46DE8}") = "3.1-Util", "3.1-Util", "{F7AABA47-1373-4C8B-8AF8-7845BDFB9E3C}"
EndProject
Project("{2150E333-8FDC-42A3-9474-1A3956D46DE8}") = "3.2-Catalogo", "3.2-Catalogo", "{D6B128DE-A676-448D-A602-C3C82046E344}"
EndProject
Project("{2150E333-8FDC-42A3-9474-1A3956D46DE8}") = "3.2.1-Dominio", "3.2.1-Dominio", "{FAD8F6DC-B4EE-425C-AF12-1CA63FF2F010}"
EndProject
Project("{FAE04EC0-301F-11D3-BF4B-00C04F79EFBC}") = "Brass.Materiais.PQ.Dominio.Servico", "Brass.Materiais.PQ.Dominio.Servico\Brass.Materiais.PQ.Dominio.Servico.csproj", "{B144D6FB-BBFD-4C70-AB46-55AE52A449EB}"
EndProject
Project("{2150E333-8FDC-42A3-9474-1A3956D46DE8}") = "1.2.1-Catalogo", "1.2.1-Catalogo", "{CFE44E9F-FC5A-4A05-9C8D-E36A4480BBD5}"
EndProject
Project("{2150E333-8FDC-42A3-9474-1A3956D46DE8}") = "1.2.2-PQ", "1.2.2-PQ", "{003FE80A-7C21-4F41-B1AF-1F9241D4972F}"
EndProject
Project("{FAE04EC0-301F-11D3-BF4B-00C04F79EFBC}") = "Brass.Materiais.PQ.RepoIO", "Brass.Materiais.PQ.RepoIO\Brass.Materiais.PQ.RepoIO.csproj", "{B8D78B17-D1BD-4ABA-A0C4-D60BF49B2CFA}"
EndProject
Project("{FAE04EC0-301F-11D3-BF4B-00C04F79EFBC}") = "Brass.Materiais.Dominio.Service.Utils", "Brass.Materiais.Dominio.Service.Utils\Brass.Materiais.Dominio.Service.Utils.csproj", "{E33A3249-0A36-4E83-B24B-0896E52EB7CC}"
EndProject
Project("{9A19103F-16F7-4668-BE54-9A1E7A4F7556}") = "Brass.Materiais.WebApiPQ", "Brass.Materiais.WebApiPQ\Brass.Materiais.WebApiPQ.csproj", "{DEA584B0-FEA9-41D2-9D12-80D2DE0D8C65}"
EndProject
Project("{2150E333-8FDC-42A3-9474-1A3956D46DE8}") = "Solution Items", "Solution Items", "{E8621FC9-A46F-4C37-9BFA-7FFACB97B698}"
	ProjectSection(SolutionItems) = preProject
		.editorconfig = .editorconfig
	EndProjectSection
EndProject
Project("{2150E333-8FDC-42A3-9474-1A3956D46DE8}") = "3.4-Spec", "3.4-Spec", "{CE1F6C63-BA34-49BF-9C64-8AD5A939A93B}"
EndProject
Project("{FAE04EC0-301F-11D3-BF4B-00C04F79EFBC}") = "Brass.Materiais.Dominio.Spec", "Brass.Materiais.Dominio.Spec\Brass.Materiais.Dominio.Spec.csproj", "{493E8145-519E-44AA-9EDC-F992785D3228}"
EndProject
Project("{FAE04EC0-301F-11D3-BF4B-00C04F79EFBC}") = "Brass.Materiais.GestaoCatalogo.Service.TesteUnit", "Brass.Materiais.GestaoCatalogo.Service.TesteUnit\Brass.Materiais.GestaoCatalogo.Service.TesteUnit.csproj", "{EE3CD71F-3444-4AE1-A63C-B34EA4B377B9}"
EndProject
Global
	GlobalSection(SolutionConfigurationPlatforms) = preSolution
		Debug|Any CPU = Debug|Any CPU
		Release|Any CPU = Release|Any CPU
	EndGlobalSection
	GlobalSection(ProjectConfigurationPlatforms) = postSolution
		{DFAB2249-8050-4626-AE11-B34476C4CA94}.Debug|Any CPU.ActiveCfg = Debug|Any CPU
		{DFAB2249-8050-4626-AE11-B34476C4CA94}.Debug|Any CPU.Build.0 = Debug|Any CPU
		{DFAB2249-8050-4626-AE11-B34476C4CA94}.Release|Any CPU.ActiveCfg = Release|Any CPU
		{DFAB2249-8050-4626-AE11-B34476C4CA94}.Release|Any CPU.Build.0 = Release|Any CPU
		{AD31D1ED-60D7-40B7-B755-DA9B2BF3ACEE}.Debug|Any CPU.ActiveCfg = Debug|Any CPU
		{AD31D1ED-60D7-40B7-B755-DA9B2BF3ACEE}.Debug|Any CPU.Build.0 = Debug|Any CPU
		{AD31D1ED-60D7-40B7-B755-DA9B2BF3ACEE}.Release|Any CPU.ActiveCfg = Release|Any CPU
		{AD31D1ED-60D7-40B7-B755-DA9B2BF3ACEE}.Release|Any CPU.Build.0 = Release|Any CPU
		{ECF25A8E-5C96-42FF-9360-81C19A5D04B1}.Debug|Any CPU.ActiveCfg = Debug|Any CPU
		{ECF25A8E-5C96-42FF-9360-81C19A5D04B1}.Debug|Any CPU.Build.0 = Debug|Any CPU
		{ECF25A8E-5C96-42FF-9360-81C19A5D04B1}.Release|Any CPU.ActiveCfg = Release|Any CPU
		{ECF25A8E-5C96-42FF-9360-81C19A5D04B1}.Release|Any CPU.Build.0 = Release|Any CPU
		{5ECBBF65-36A4-4EB4-A3B7-B70832F3B219}.Debug|Any CPU.ActiveCfg = Debug|Any CPU
		{5ECBBF65-36A4-4EB4-A3B7-B70832F3B219}.Debug|Any CPU.Build.0 = Debug|Any CPU
		{5ECBBF65-36A4-4EB4-A3B7-B70832F3B219}.Release|Any CPU.ActiveCfg = Release|Any CPU
		{5ECBBF65-36A4-4EB4-A3B7-B70832F3B219}.Release|Any CPU.Build.0 = Release|Any CPU
		{9AD0BCA7-7DFD-41F8-A906-753DBDF0E3E8}.Debug|Any CPU.ActiveCfg = Debug|Any CPU
		{9AD0BCA7-7DFD-41F8-A906-753DBDF0E3E8}.Debug|Any CPU.Build.0 = Debug|Any CPU
		{9AD0BCA7-7DFD-41F8-A906-753DBDF0E3E8}.Release|Any CPU.ActiveCfg = Release|Any CPU
		{9AD0BCA7-7DFD-41F8-A906-753DBDF0E3E8}.Release|Any CPU.Build.0 = Release|Any CPU
		{39819896-8931-4469-AB87-C849FD85FD8B}.Debug|Any CPU.ActiveCfg = Debug|Any CPU
		{39819896-8931-4469-AB87-C849FD85FD8B}.Debug|Any CPU.Build.0 = Debug|Any CPU
		{39819896-8931-4469-AB87-C849FD85FD8B}.Release|Any CPU.ActiveCfg = Release|Any CPU
		{39819896-8931-4469-AB87-C849FD85FD8B}.Release|Any CPU.Build.0 = Release|Any CPU
		{B47938E4-0BCB-4D51-9B82-AC470A77C7DD}.Debug|Any CPU.ActiveCfg = Debug|Any CPU
		{B47938E4-0BCB-4D51-9B82-AC470A77C7DD}.Debug|Any CPU.Build.0 = Debug|Any CPU
		{B47938E4-0BCB-4D51-9B82-AC470A77C7DD}.Release|Any CPU.ActiveCfg = Release|Any CPU
		{B47938E4-0BCB-4D51-9B82-AC470A77C7DD}.Release|Any CPU.Build.0 = Release|Any CPU
		{12A49C1C-7C96-442A-9802-32449BD9C0A0}.Debug|Any CPU.ActiveCfg = Debug|Any CPU
		{12A49C1C-7C96-442A-9802-32449BD9C0A0}.Debug|Any CPU.Build.0 = Debug|Any CPU
		{12A49C1C-7C96-442A-9802-32449BD9C0A0}.Release|Any CPU.ActiveCfg = Release|Any CPU
		{12A49C1C-7C96-442A-9802-32449BD9C0A0}.Release|Any CPU.Build.0 = Release|Any CPU
		{5A754248-1A55-499B-8B53-AC99AC1630A7}.Debug|Any CPU.ActiveCfg = Debug|Any CPU
		{5A754248-1A55-499B-8B53-AC99AC1630A7}.Debug|Any CPU.Build.0 = Debug|Any CPU
		{5A754248-1A55-499B-8B53-AC99AC1630A7}.Release|Any CPU.ActiveCfg = Release|Any CPU
		{5A754248-1A55-499B-8B53-AC99AC1630A7}.Release|Any CPU.Build.0 = Release|Any CPU
		{3DF38BD2-FE36-463F-8D54-57D619526CEC}.Debug|Any CPU.ActiveCfg = Debug|Any CPU
		{3DF38BD2-FE36-463F-8D54-57D619526CEC}.Debug|Any CPU.Build.0 = Debug|Any CPU
		{3DF38BD2-FE36-463F-8D54-57D619526CEC}.Release|Any CPU.ActiveCfg = Release|Any CPU
		{3DF38BD2-FE36-463F-8D54-57D619526CEC}.Release|Any CPU.Build.0 = Release|Any CPU
		{61051841-C985-4BF4-9945-8CE6D27EAB4A}.Debug|Any CPU.ActiveCfg = Debug|Any CPU
		{61051841-C985-4BF4-9945-8CE6D27EAB4A}.Debug|Any CPU.Build.0 = Debug|Any CPU
		{61051841-C985-4BF4-9945-8CE6D27EAB4A}.Release|Any CPU.ActiveCfg = Release|Any CPU
		{61051841-C985-4BF4-9945-8CE6D27EAB4A}.Release|Any CPU.Build.0 = Release|Any CPU
		{AC6C3BA2-36E7-4637-A605-D714266D0C5F}.Debug|Any CPU.ActiveCfg = Debug|Any CPU
		{AC6C3BA2-36E7-4637-A605-D714266D0C5F}.Debug|Any CPU.Build.0 = Debug|Any CPU
		{AC6C3BA2-36E7-4637-A605-D714266D0C5F}.Release|Any CPU.ActiveCfg = Release|Any CPU
		{AC6C3BA2-36E7-4637-A605-D714266D0C5F}.Release|Any CPU.Build.0 = Release|Any CPU
		{A9669364-DE86-499C-AA8A-2082F8A8D907}.Debug|Any CPU.ActiveCfg = Debug|Any CPU
		{A9669364-DE86-499C-AA8A-2082F8A8D907}.Debug|Any CPU.Build.0 = Debug|Any CPU
		{A9669364-DE86-499C-AA8A-2082F8A8D907}.Release|Any CPU.ActiveCfg = Release|Any CPU
		{A9669364-DE86-499C-AA8A-2082F8A8D907}.Release|Any CPU.Build.0 = Release|Any CPU
		{48325D4C-44AC-4212-A6F0-2C70935E85B1}.Debug|Any CPU.ActiveCfg = Debug|Any CPU
		{48325D4C-44AC-4212-A6F0-2C70935E85B1}.Debug|Any CPU.Build.0 = Debug|Any CPU
		{48325D4C-44AC-4212-A6F0-2C70935E85B1}.Release|Any CPU.ActiveCfg = Release|Any CPU
		{48325D4C-44AC-4212-A6F0-2C70935E85B1}.Release|Any CPU.Build.0 = Release|Any CPU
		{AB665BB9-53D5-4982-9A50-345225C93256}.Debug|Any CPU.ActiveCfg = Debug|Any CPU
		{AB665BB9-53D5-4982-9A50-345225C93256}.Debug|Any CPU.Build.0 = Debug|Any CPU
		{AB665BB9-53D5-4982-9A50-345225C93256}.Release|Any CPU.ActiveCfg = Release|Any CPU
		{AB665BB9-53D5-4982-9A50-345225C93256}.Release|Any CPU.Build.0 = Release|Any CPU
		{99842149-68C6-49B7-B901-C2630DA72F0D}.Debug|Any CPU.ActiveCfg = Debug|Any CPU
		{99842149-68C6-49B7-B901-C2630DA72F0D}.Debug|Any CPU.Build.0 = Debug|Any CPU
		{99842149-68C6-49B7-B901-C2630DA72F0D}.Release|Any CPU.ActiveCfg = Release|Any CPU
		{99842149-68C6-49B7-B901-C2630DA72F0D}.Release|Any CPU.Build.0 = Release|Any CPU
		{7DD22068-369A-47C4-9DFB-CAF52FF1C541}.Debug|Any CPU.ActiveCfg = Debug|Any CPU
		{7DD22068-369A-47C4-9DFB-CAF52FF1C541}.Debug|Any CPU.Build.0 = Debug|Any CPU
		{7DD22068-369A-47C4-9DFB-CAF52FF1C541}.Release|Any CPU.ActiveCfg = Release|Any CPU
		{7DD22068-369A-47C4-9DFB-CAF52FF1C541}.Release|Any CPU.Build.0 = Release|Any CPU
		{B144D6FB-BBFD-4C70-AB46-55AE52A449EB}.Debug|Any CPU.ActiveCfg = Debug|Any CPU
		{B144D6FB-BBFD-4C70-AB46-55AE52A449EB}.Debug|Any CPU.Build.0 = Debug|Any CPU
		{B144D6FB-BBFD-4C70-AB46-55AE52A449EB}.Release|Any CPU.ActiveCfg = Release|Any CPU
		{B144D6FB-BBFD-4C70-AB46-55AE52A449EB}.Release|Any CPU.Build.0 = Release|Any CPU
		{B8D78B17-D1BD-4ABA-A0C4-D60BF49B2CFA}.Debug|Any CPU.ActiveCfg = Debug|Any CPU
		{B8D78B17-D1BD-4ABA-A0C4-D60BF49B2CFA}.Debug|Any CPU.Build.0 = Debug|Any CPU
		{B8D78B17-D1BD-4ABA-A0C4-D60BF49B2CFA}.Release|Any CPU.ActiveCfg = Release|Any CPU
		{B8D78B17-D1BD-4ABA-A0C4-D60BF49B2CFA}.Release|Any CPU.Build.0 = Release|Any CPU
		{E33A3249-0A36-4E83-B24B-0896E52EB7CC}.Debug|Any CPU.ActiveCfg = Debug|Any CPU
		{E33A3249-0A36-4E83-B24B-0896E52EB7CC}.Debug|Any CPU.Build.0 = Debug|Any CPU
		{E33A3249-0A36-4E83-B24B-0896E52EB7CC}.Release|Any CPU.ActiveCfg = Release|Any CPU
		{E33A3249-0A36-4E83-B24B-0896E52EB7CC}.Release|Any CPU.Build.0 = Release|Any CPU
		{DEA584B0-FEA9-41D2-9D12-80D2DE0D8C65}.Debug|Any CPU.ActiveCfg = Debug|Any CPU
		{DEA584B0-FEA9-41D2-9D12-80D2DE0D8C65}.Debug|Any CPU.Build.0 = Debug|Any CPU
		{DEA584B0-FEA9-41D2-9D12-80D2DE0D8C65}.Release|Any CPU.ActiveCfg = Release|Any CPU
		{DEA584B0-FEA9-41D2-9D12-80D2DE0D8C65}.Release|Any CPU.Build.0 = Release|Any CPU
		{493E8145-519E-44AA-9EDC-F992785D3228}.Debug|Any CPU.ActiveCfg = Debug|Any CPU
		{493E8145-519E-44AA-9EDC-F992785D3228}.Debug|Any CPU.Build.0 = Debug|Any CPU
		{493E8145-519E-44AA-9EDC-F992785D3228}.Release|Any CPU.ActiveCfg = Release|Any CPU
		{493E8145-519E-44AA-9EDC-F992785D3228}.Release|Any CPU.Build.0 = Release|Any CPU
		{EE3CD71F-3444-4AE1-A63C-B34EA4B377B9}.Debug|Any CPU.ActiveCfg = Debug|Any CPU
		{EE3CD71F-3444-4AE1-A63C-B34EA4B377B9}.Debug|Any CPU.Build.0 = Debug|Any CPU
		{EE3CD71F-3444-4AE1-A63C-B34EA4B377B9}.Release|Any CPU.ActiveCfg = Release|Any CPU
		{EE3CD71F-3444-4AE1-A63C-B34EA4B377B9}.Release|Any CPU.Build.0 = Release|Any CPU
	EndGlobalSection
	GlobalSection(SolutionProperties) = preSolution
		HideSolutionNode = FALSE
	EndGlobalSection
	GlobalSection(NestedProjects) = preSolution
		{DFAB2249-8050-4626-AE11-B34476C4CA94} = {FAD8F6DC-B4EE-425C-AF12-1CA63FF2F010}
		{AD31D1ED-60D7-40B7-B755-DA9B2BF3ACEE} = {1703EA4B-8498-48D7-97D2-59A5DE59137D}
		{ECF25A8E-5C96-42FF-9360-81C19A5D04B1} = {FAD8F6DC-B4EE-425C-AF12-1CA63FF2F010}
		{5ECBBF65-36A4-4EB4-A3B7-B70832F3B219} = {CFE44E9F-FC5A-4A05-9C8D-E36A4480BBD5}
		{9AD0BCA7-7DFD-41F8-A906-753DBDF0E3E8} = {5235DD2A-216B-4813-ACC6-5A43AB13BE00}
		{39819896-8931-4469-AB87-C849FD85FD8B} = {1703EA4B-8498-48D7-97D2-59A5DE59137D}
		{B47938E4-0BCB-4D51-9B82-AC470A77C7DD} = {FAD8F6DC-B4EE-425C-AF12-1CA63FF2F010}
		{D1C936F4-5DBE-4962-A982-4781DDFD1D13} = {619485B8-2019-40FE-86E3-A77F72E63C74}
		{5235DD2A-216B-4813-ACC6-5A43AB13BE00} = {619485B8-2019-40FE-86E3-A77F72E63C74}
		{1703EA4B-8498-48D7-97D2-59A5DE59137D} = {619485B8-2019-40FE-86E3-A77F72E63C74}
		{E77BA368-A5E8-49B1-9C93-131E4378AA84} = {7AD88243-45B6-486E-897A-DCC65397EF0F}
		{0F087486-AFEE-4D65-BCD2-C2C5827F7F0D} = {D6B128DE-A676-448D-A602-C3C82046E344}
		{12A49C1C-7C96-442A-9802-32449BD9C0A0} = {0F087486-AFEE-4D65-BCD2-C2C5827F7F0D}
		{5A754248-1A55-499B-8B53-AC99AC1630A7} = {1703EA4B-8498-48D7-97D2-59A5DE59137D}
		{3DF38BD2-FE36-463F-8D54-57D619526CEC} = {D3ECA88E-3AD6-4AC8-A700-2D118A5AB67F}
		{61051841-C985-4BF4-9945-8CE6D27EAB4A} = {C709983C-F951-49B1-911C-FD08DA3DA1C4}
		{D1FE36EC-7869-4AE9-A6E9-55BC2FD9DF2A} = {C709983C-F951-49B1-911C-FD08DA3DA1C4}
		{AC6C3BA2-36E7-4637-A605-D714266D0C5F} = {CFE44E9F-FC5A-4A05-9C8D-E36A4480BBD5}
		{A9669364-DE86-499C-AA8A-2082F8A8D907} = {CFE44E9F-FC5A-4A05-9C8D-E36A4480BBD5}
		{48325D4C-44AC-4212-A6F0-2C70935E85B1} = {1703EA4B-8498-48D7-97D2-59A5DE59137D}
		{AB665BB9-53D5-4982-9A50-345225C93256} = {CFE44E9F-FC5A-4A05-9C8D-E36A4480BBD5}
		{99842149-68C6-49B7-B901-C2630DA72F0D} = {E77BA368-A5E8-49B1-9C93-131E4378AA84}
		{7DD22068-369A-47C4-9DFB-CAF52FF1C541} = {F7AABA47-1373-4C8B-8AF8-7845BDFB9E3C}
		{F7AABA47-1373-4C8B-8AF8-7845BDFB9E3C} = {7AD88243-45B6-486E-897A-DCC65397EF0F}
		{D6B128DE-A676-448D-A602-C3C82046E344} = {7AD88243-45B6-486E-897A-DCC65397EF0F}
		{FAD8F6DC-B4EE-425C-AF12-1CA63FF2F010} = {D6B128DE-A676-448D-A602-C3C82046E344}
		{B144D6FB-BBFD-4C70-AB46-55AE52A449EB} = {E77BA368-A5E8-49B1-9C93-131E4378AA84}
		{CFE44E9F-FC5A-4A05-9C8D-E36A4480BBD5} = {D1C936F4-5DBE-4962-A982-4781DDFD1D13}
		{003FE80A-7C21-4F41-B1AF-1F9241D4972F} = {D1C936F4-5DBE-4962-A982-4781DDFD1D13}
		{B8D78B17-D1BD-4ABA-A0C4-D60BF49B2CFA} = {003FE80A-7C21-4F41-B1AF-1F9241D4972F}
		{E33A3249-0A36-4E83-B24B-0896E52EB7CC} = {F7AABA47-1373-4C8B-8AF8-7845BDFB9E3C}
		{DEA584B0-FEA9-41D2-9D12-80D2DE0D8C65} = {C709983C-F951-49B1-911C-FD08DA3DA1C4}
		{CE1F6C63-BA34-49BF-9C64-8AD5A939A93B} = {7AD88243-45B6-486E-897A-DCC65397EF0F}
		{493E8145-519E-44AA-9EDC-F992785D3228} = {CE1F6C63-BA34-49BF-9C64-8AD5A939A93B}
		{EE3CD71F-3444-4AE1-A63C-B34EA4B377B9} = {0F087486-AFEE-4D65-BCD2-C2C5827F7F0D}
	EndGlobalSection
	GlobalSection(ExtensibilityGlobals) = postSolution
		SolutionGuid = {354CF846-4F71-4C39-990C-78F52B4BBFEE}
	EndGlobalSection
EndGlobal
