
Microsoft Visual Studio Solution File, Format Version 12.00
# Visual Studio Version 16
VisualStudioVersion = 16.0.29509.3
MinimumVisualStudioVersion = 10.0.40219.1
Project("{2150E333-8FDC-42A3-9474-1A3956D46DE8}") = "1-Infraestrurra", "1-Infraestrurra", "{619485B8-2019-40FE-86E3-A77F72E63C74}"
EndProject
Project("{2150E333-8FDC-42A3-9474-1A3956D46DE8}") = "0-Dominios", "0-Dominios", "{7AD88243-45B6-486E-897A-DCC65397EF0F}"
EndProject
Project("{FAE04EC0-301F-11D3-BF4B-00C04F79EFBC}") = "Brass.Materiais.Dominio.Servico", "Brass.Materiais.Dominio.Servico\Brass.Materiais.Dominio.Servico.csproj", "{ECF25A8E-5C96-42FF-9360-81C19A5D04B1}"
EndProject
Project("{FAE04EC0-301F-11D3-BF4B-00C04F79EFBC}") = "Brass.Materiais.RepositorioSQLitePlant", "Brass.Materiais.RepositorioSQLitePlant\Brass.Materiais.RepositorioSQLitePlant.csproj", "{5ECBBF65-36A4-4EB4-A3B7-B70832F3B219}"
EndProject
Project("{FAE04EC0-301F-11D3-BF4B-00C04F79EFBC}") = "SQLiteWithCSharp.Utility", "..\SQLiteWithCSharp\SQLiteWithCSharp.Utility\SQLiteWithCSharp.Utility.csproj", "{9AD0BCA7-7DFD-41F8-A906-753DBDF0E3E8}"
EndProject
Project("{FAE04EC0-301F-11D3-BF4B-00C04F79EFBC}") = "Brass.Materiais.MetaCatalogo", "Brass.Materiais.MetaCatalogo\Brass.Materiais.MetaCatalogo.csproj", "{B47938E4-0BCB-4D51-9B82-AC470A77C7DD}"
EndProject
Project("{2150E333-8FDC-42A3-9474-1A3956D46DE8}") = "1.2-Repositorios", "1.2-Repositorios", "{D1C936F4-5DBE-4962-A982-4781DDFD1D13}"
EndProject
Project("{2150E333-8FDC-42A3-9474-1A3956D46DE8}") = "1.1-Utils", "1.1-Utils", "{5235DD2A-216B-4813-ACC6-5A43AB13BE00}"
EndProject
Project("{2150E333-8FDC-42A3-9474-1A3956D46DE8}") = "1.3-Testes Unitarios", "1.3-Testes Unitarios", "{1703EA4B-8498-48D7-97D2-59A5DE59137D}"
EndProject
Project("{2150E333-8FDC-42A3-9474-1A3956D46DE8}") = "4-Rest", "4-Rest", "{C709983C-F951-49B1-911C-FD08DA3DA1C4}"
EndProject
Project("{2150E333-8FDC-42A3-9474-1A3956D46DE8}") = "2-Aplicacoes", "2-Aplicacoes", "{D3ECA88E-3AD6-4AC8-A700-2D118A5AB67F}"
EndProject
Project("{FAE04EC0-301F-11D3-BF4B-00C04F79EFBC}") = "Brass.Materiais.RepositorioSQLServer", "Brass.Materiais.RepositorioSQLServer\Brass.Materiais.RepositorioSQLServer.csproj", "{AC6C3BA2-36E7-4637-A605-D714266D0C5F}"
EndProject
Project("{FAE04EC0-301F-11D3-BF4B-00C04F79EFBC}") = "Brass.Materiais.RepoMongoDBCatalogo", "Brass.Materiais.RepoMongoDBCatalogo\Brass.Materiais.RepoMongoDBCatalogo.csproj", "{AB665BB9-53D5-4982-9A50-345225C93256}"
EndProject
Project("{FAE04EC0-301F-11D3-BF4B-00C04F79EFBC}") = "Brass.Materiais.Dominio.Utils", "Brass.Materiais.Dominio.Utils\Brass.Materiais.Dominio.Utils.csproj", "{7DD22068-369A-47C4-9DFB-CAF52FF1C541}"
EndProject
Project("{2150E333-8FDC-42A3-9474-1A3956D46DE8}") = "2.1-Util", "2.1-Util", "{F7AABA47-1373-4C8B-8AF8-7845BDFB9E3C}"
EndProject
Project("{2150E333-8FDC-42A3-9474-1A3956D46DE8}") = "1.2.1-Catalogo", "1.2.1-Catalogo", "{CFE44E9F-FC5A-4A05-9C8D-E36A4480BBD5}"
EndProject
Project("{2150E333-8FDC-42A3-9474-1A3956D46DE8}") = "1.2.2-PQ", "1.2.2-PQ", "{003FE80A-7C21-4F41-B1AF-1F9241D4972F}"
EndProject
Project("{FAE04EC0-301F-11D3-BF4B-00C04F79EFBC}") = "Brass.Materiais.PQ.RepoIO", "Brass.Materiais.PQ.RepoIO\Brass.Materiais.PQ.RepoIO.csproj", "{B8D78B17-D1BD-4ABA-A0C4-D60BF49B2CFA}"
EndProject
Project("{FAE04EC0-301F-11D3-BF4B-00C04F79EFBC}") = "Brass.Materiais.Dominio.Service.Utils", "Brass.Materiais.Dominio.Service.Utils\Brass.Materiais.Dominio.Service.Utils.csproj", "{E33A3249-0A36-4E83-B24B-0896E52EB7CC}"
EndProject
Project("{2150E333-8FDC-42A3-9474-1A3956D46DE8}") = "Solution Items", "Solution Items", "{E8621FC9-A46F-4C37-9BFA-7FFACB97B698}"
	ProjectSection(SolutionItems) = preProject
		.editorconfig = .editorconfig
	EndProjectSection
EndProject
Project("{2150E333-8FDC-42A3-9474-1A3956D46DE8}") = "2.4-BulkLoad", "2.4-BulkLoad", "{BCD50474-CB70-4DE0-893D-26A8742621A9}"
EndProject
Project("{2150E333-8FDC-42A3-9474-1A3956D46DE8}") = "2.2-Catalogo", "2.2-Catalogo", "{96764DAD-8357-4359-8671-16119C9579A9}"
EndProject
Project("{2150E333-8FDC-42A3-9474-1A3956D46DE8}") = "2.3-PQ", "2.3-PQ", "{253F1C12-1BB6-4F05-8BEC-154631F1AED7}"
EndProject
Project("{2150E333-8FDC-42A3-9474-1A3956D46DE8}") = "2.4.1-Generico", "2.4.1-Generico", "{F90BE39E-7C9C-46A8-9BD5-6A5F87099802}"
EndProject
Project("{2150E333-8FDC-42A3-9474-1A3956D46DE8}") = "2.4.2-BulkloadBrass", "2.4.2-BulkloadBrass", "{F993A520-8527-4287-8661-C4168B522761}"
EndProject
Project("{2150E333-8FDC-42A3-9474-1A3956D46DE8}") = "2.2.3.2-TestesBulkload", "2.2.3.2-TestesBulkload", "{A0EB9CDC-863C-4A53-9C21-90E051B1607A}"
EndProject
Project("{2150E333-8FDC-42A3-9474-1A3956D46DE8}") = "2.2.3.1-AppWindowsBrassBulkload", "2.2.3.1-AppWindowsBrassBulkload", "{F9497101-8FCD-44B2-85D3-0DD4E9F1510A}"
EndProject
Project("{FAE04EC0-301F-11D3-BF4B-00C04F79EFBC}") = "Brass.Materiais.Nucleo", "Brass.Materiais.Nucleo\Brass.Materiais.Nucleo.csproj", "{8B40F3E2-9CB1-44E4-A05F-FFBB0B655B12}"
EndProject
Project("{2150E333-8FDC-42A3-9474-1A3956D46DE8}") = "3.1-Nucleo", "3.1-Nucleo", "{0726B958-5021-4036-962C-0B80BE99117C}"
EndProject
Project("{2150E333-8FDC-42A3-9474-1A3956D46DE8}") = "1.2.3-BIM", "1.2.3-BIM", "{FFD57E76-8AFA-4CAB-A2A5-B4176B92593D}"
EndProject
Project("{2150E333-8FDC-42A3-9474-1A3956D46DE8}") = "1.2.3.4-SQLServerEF", "1.2.3.4-SQLServerEF", "{7D7EC6BC-3343-4E00-A1F5-5483B27C1870}"
EndProject
Project("{FAE04EC0-301F-11D3-BF4B-00C04F79EFBC}") = "Brass.Materiais.Plant3d.RepoSQLServerEF", "Brass.Materiais.Plant3d.RepoSQLServerEF\Brass.Materiais.Plant3d.RepoSQLServerEF.csproj", "{3AC812A7-E848-48D8-AB6A-28DC7453F99E}"
EndProject
Project("{2150E333-8FDC-42A3-9474-1A3956D46DE8}") = "1.2.3.5-SQLitePlant", "1.2.3.5-SQLitePlant", "{90AB3C3E-A6E2-4AC1-A62A-176BD65DE40A}"
EndProject
Project("{2150E333-8FDC-42A3-9474-1A3956D46DE8}") = "2.5-BIM", "2.5-BIM", "{E18831B2-70B0-461B-B0B2-EB6B84DCF823}"
EndProject
Project("{2150E333-8FDC-42A3-9474-1A3956D46DE8}") = "1.2.3.4.1-Plant3D_Model3D", "1.2.3.4.1-Plant3D_Model3D", "{DB2678D4-FF1B-4195-B45B-7EB1ED2F1EE1}"
EndProject
Project("{2150E333-8FDC-42A3-9474-1A3956D46DE8}") = "1.2.3.4.2-Plant3d_Diagramas", "1.2.3.4.2-Plant3d_Diagramas", "{7CB9B533-3508-409F-BFE1-6D5D5C1290BA}"
EndProject
Project("{FAE04EC0-301F-11D3-BF4B-00C04F79EFBC}") = "Brass.Materiais.Plant3dDiagramas.RepoSQLServerEF", "Brass.Materiais.Plant3dDiagramas.RepoSQLServerEF\Brass.Materiais.Plant3dDiagramas.RepoSQLServerEF.csproj", "{B6A1D4C0-B96E-4B81-BCC9-603DA5BB52C6}"
EndProject
Project("{2150E333-8FDC-42A3-9474-1A3956D46DE8}") = "2.3.2-Testes", "2.3.2-Testes", "{FD9517E2-4250-4F73-A5B3-E71AD795C06D}"
EndProject
Project("{2150E333-8FDC-42A3-9474-1A3956D46DE8}") = "2.3.1-Aplicacao", "2.3.1-Aplicacao", "{9C4A18A6-473B-46F1-9D07-7E9365A812F2}"
EndProject
Project("{2150E333-8FDC-42A3-9474-1A3956D46DE8}") = "2.5.1-Aplicacao", "2.5.1-Aplicacao", "{206A5BEA-964F-4C32-BE9E-A2780651D5CF}"
EndProject
Project("{2150E333-8FDC-42A3-9474-1A3956D46DE8}") = "2.5.2-Testes", "2.5.2-Testes", "{E34555C5-4E1F-498A-A231-466ED40356E8}"
EndProject
Project("{2150E333-8FDC-42A3-9474-1A3956D46DE8}") = "2.2.1-Aplicacoes-Antes", "2.2.1-Aplicacoes-Antes", "{2D2CB5AC-8B06-4238-BEA6-07A1516068AA}"
EndProject
Project("{2150E333-8FDC-42A3-9474-1A3956D46DE8}") = "2.2.2-Testes", "2.2.2-Testes", "{5980166C-3720-4BC0-ADAD-3C6A5ABE26D6}"
EndProject
Project("{FAE04EC0-301F-11D3-BF4B-00C04F79EFBC}") = "Brass.Materiais.Plant3dDiagramas.RepoSQLServerDapper", "Brass.Materiais.Plant3dDiagramas.RepoSQLServerDapper\Brass.Materiais.Plant3dDiagramas.RepoSQLServerDapper.csproj", "{55CB7408-E1E8-439A-A966-082DA04653D3}"
EndProject
Project("{2150E333-8FDC-42A3-9474-1A3956D46DE8}") = "3.2-Dominio PQ", "3.2-Dominio PQ", "{93FCC47A-303D-4B5F-ADDF-283F38CC4667}"
EndProject
Project("{FAE04EC0-301F-11D3-BF4B-00C04F79EFBC}") = "Brass.Materiais.DominioPQ", "Brass.Materiais.DominioPQ\Brass.Materiais.DominioPQ.csproj", "{038B303F-4C27-4A2E-BF4A-D38BCA4BB4E1}"
EndProject
Project("{2150E333-8FDC-42A3-9474-1A3956D46DE8}") = "NovoTestes", "NovoTestes", "{38136EA4-1A81-4084-B12D-8A113C9C028F}"
EndProject
Project("{2150E333-8FDC-42A3-9474-1A3956D46DE8}") = "2.6-FolhaDados", "2.6-FolhaDados", "{763FA1DC-FF0E-449F-8A1A-F7B966CC3880}"
EndProject
Project("{9A19103F-16F7-4668-BE54-9A1E7A4F7556}") = "Brass.Materiais.RepositorioAppEFSQLite", "Brass.Materiais.RepositorioAppEFSQLite\Brass.Materiais.RepositorioAppEFSQLite.csproj", "{4466DB45-04F6-47F5-B5DA-521B87AA9C7F}"
EndProject
Project("{9A19103F-16F7-4668-BE54-9A1E7A4F7556}") = "Brass.Materiais.PQ.AppNetCoreSQLite", "Brass.Materiais.PQ.AppNetCoreSQLite\Brass.Materiais.PQ.AppNetCoreSQLite.csproj", "{E3ACD6A1-3B16-458E-BAF7-CFCC61090DBF}"
EndProject
Project("{2150E333-8FDC-42A3-9474-1A3956D46DE8}") = "2.7-Gestao", "2.7-Gestao", "{BF17F515-5375-4E44-8D3D-98FB16D18286}"
EndProject
Project("{9A19103F-16F7-4668-BE54-9A1E7A4F7556}") = "Brass.Materiais.AppGestao", "Brass.Materiais.AppGestao\Brass.Materiais.AppGestao.csproj", "{77DBE444-20C6-49CC-BF60-94F60E64B7D4}"
EndProject
Project("{2150E333-8FDC-42A3-9474-1A3956D46DE8}") = "2.2.1-Aplicacoes", "2.2.1-Aplicacoes", "{90560ADB-BF41-4EF7-9892-BC1BAE19E6CE}"
EndProject
Project("{9A19103F-16F7-4668-BE54-9A1E7A4F7556}") = "Brass.Materiais.AppCatalogoPlant3d", "Brass.Materiais.AppCatalogoPlant3d\Brass.Materiais.AppCatalogoPlant3d.csproj", "{9D762636-51E3-4CF3-83AC-2545CC333CFA}"
EndProject
Project("{9A19103F-16F7-4668-BE54-9A1E7A4F7556}") = "Brass.Materiais.AppNetCoreUtil", "Brass.Materiais.AppNetCoreUtil\Brass.Materiais.AppNetCoreUtil.csproj", "{CE542FAB-3D4E-49D9-9284-363DC840370D}"
EndProject
Project("{9A19103F-16F7-4668-BE54-9A1E7A4F7556}") = "Brass.Materiais.AppPQ", "Brass.Materiais.AppPQ\Brass.Materiais.AppPQ.csproj", "{0A1247B1-88D7-4393-B695-3911C40EF450}"
EndProject
Project("{9A19103F-16F7-4668-BE54-9A1E7A4F7556}") = "Brass.Materiais.AspNetCoreInjecaoDependencia", "Brass.Materiais.AspNetCoreInjecaoDependencia\Brass.Materiais.AspNetCoreInjecaoDependencia.csproj", "{3BEBC555-83AE-470E-B8BC-F08E1CB7D868}"
EndProject
Project("{9A19103F-16F7-4668-BE54-9A1E7A4F7556}") = "Brass.Materiais.AppCatalogoP3D", "Brass.Materiais.AppCatalogoP3D\Brass.Materiais.AppCatalogoP3D.csproj", "{295D2450-1F7E-4032-A139-2F0C8B342F06}"
EndProject
Project("{9A19103F-16F7-4668-BE54-9A1E7A4F7556}") = "Brass.Materiais.RepoCataloESQLServer", "Brass.Materiais.RepoCataloESQLServer\Brass.Materiais.RepoCataloESQLServer.csproj", "{55EA2897-92FF-4C47-8AF5-84B4A161CCBD}"
EndProject
Project("{9A19103F-16F7-4668-BE54-9A1E7A4F7556}") = "Brass.Materiais.AppPQClean", "Brass.Materiais.AppPQClean\Brass.Materiais.AppPQClean.csproj", "{7641F288-E06A-4DE4-BC8D-DD75D5470189}"
EndProject
Project("{9A19103F-16F7-4668-BE54-9A1E7A4F7556}") = "Brass.Materiais.AppBIMAspNetCore", "Brass.Materiais.AppBIMAspNetCore\Brass.Materiais.AppBIMAspNetCore.csproj", "{F835310C-DFC0-4F20-9389-BA257634AFC5}"
EndProject
Project("{9A19103F-16F7-4668-BE54-9A1E7A4F7556}") = "Brass.Materiais.AppVPN", "Brass.Materiais.AppVPN\Brass.Materiais.AppVPN.csproj", "{129AADC8-D02E-48FA-A7E7-5F840061288E}"
EndProject
Project("{9A19103F-16F7-4668-BE54-9A1E7A4F7556}") = "Brass.Materiais.AppBIM360", "Brass.Materiais.AppBIM360\Brass.Materiais.AppBIM360.csproj", "{1C4D6854-B340-4D9A-8F84-810E438C92F2}"
EndProject
Project("{9A19103F-16F7-4668-BE54-9A1E7A4F7556}") = "Brass.Materiais.RepoDapperSQLServer", "Brass.Materiais.RepoDapperSQLServer\Brass.Materiais.RepoDapperSQLServer.csproj", "{AC14F8AC-6A72-4F4F-96F5-6BDC5B3970C9}"
EndProject
Project("{9A19103F-16F7-4668-BE54-9A1E7A4F7556}") = "Brass.Materiais.ApiTotalPQ", "Brass.Materiais.ApiTotalPQ\Brass.Materiais.ApiTotalPQ.csproj", "{E76C5B8F-3AB2-448E-AF56-CE15EC02AC13}"
EndProject
Project("{9A19103F-16F7-4668-BE54-9A1E7A4F7556}") = "Brass.Materiais.RepoModelosVPNPlant", "Brass.Materiais.RepoModelosVPNPlant\Brass.Materiais.RepoModelosVPNPlant.csproj", "{A9D14690-0925-4C15-AC53-F61EF960CBEE}"
EndProject
Project("{9A19103F-16F7-4668-BE54-9A1E7A4F7556}") = "Brass.Materiais.RepoComumPlantEF", "Brass.Materiais.RepoComumPlantEF\Brass.Materiais.RepoComumPlantEF.csproj", "{3F37B26E-8F19-4117-B998-F0740167FFD7}"
EndProject
Project("{2150E333-8FDC-42A3-9474-1A3956D46DE8}") = "1.2.3.3-SQLComumServerEF", "1.2.3.3-SQLComumServerEF", "{78AEF802-09E2-4F52-83F0-1255C2F1487D}"
EndProject
Project("{9A19103F-16F7-4668-BE54-9A1E7A4F7556}") = "Brass.Materiais.TesteCargaCatalogo", "Brass.Materiais.TesteCargaCatalogo\Brass.Materiais.TesteCargaCatalogo.csproj", "{BAF9023A-105C-4BE2-A172-2FB5ACE18451}"
EndProject
Project("{9A19103F-16F7-4668-BE54-9A1E7A4F7556}") = "Brass.Materiais.WindowsFormsAppNetCore", "Brass.Materiais.WindowsFormsAppNetCore\Brass.Materiais.WindowsFormsAppNetCore.csproj", "{8C6468A8-22EC-478B-BD26-62E0C50A3FB6}"
EndProject
Global
	GlobalSection(SolutionConfigurationPlatforms) = preSolution
		Debug|Any CPU = Debug|Any CPU
		Release|Any CPU = Release|Any CPU
	EndGlobalSection
	GlobalSection(ProjectConfigurationPlatforms) = postSolution
		{ECF25A8E-5C96-42FF-9360-81C19A5D04B1}.Debug|Any CPU.ActiveCfg = Debug|Any CPU
		{ECF25A8E-5C96-42FF-9360-81C19A5D04B1}.Debug|Any CPU.Build.0 = Debug|Any CPU
		{ECF25A8E-5C96-42FF-9360-81C19A5D04B1}.Release|Any CPU.ActiveCfg = Release|Any CPU
		{ECF25A8E-5C96-42FF-9360-81C19A5D04B1}.Release|Any CPU.Build.0 = Release|Any CPU
		{5ECBBF65-36A4-4EB4-A3B7-B70832F3B219}.Debug|Any CPU.ActiveCfg = Debug|Any CPU
		{5ECBBF65-36A4-4EB4-A3B7-B70832F3B219}.Debug|Any CPU.Build.0 = Debug|Any CPU
		{5ECBBF65-36A4-4EB4-A3B7-B70832F3B219}.Release|Any CPU.ActiveCfg = Release|Any CPU
		{5ECBBF65-36A4-4EB4-A3B7-B70832F3B219}.Release|Any CPU.Build.0 = Release|Any CPU
		{9AD0BCA7-7DFD-41F8-A906-753DBDF0E3E8}.Debug|Any CPU.ActiveCfg = Debug|Any CPU
		{9AD0BCA7-7DFD-41F8-A906-753DBDF0E3E8}.Debug|Any CPU.Build.0 = Debug|Any CPU
		{9AD0BCA7-7DFD-41F8-A906-753DBDF0E3E8}.Release|Any CPU.ActiveCfg = Release|Any CPU
		{9AD0BCA7-7DFD-41F8-A906-753DBDF0E3E8}.Release|Any CPU.Build.0 = Release|Any CPU
		{B47938E4-0BCB-4D51-9B82-AC470A77C7DD}.Debug|Any CPU.ActiveCfg = Debug|Any CPU
		{B47938E4-0BCB-4D51-9B82-AC470A77C7DD}.Debug|Any CPU.Build.0 = Debug|Any CPU
		{B47938E4-0BCB-4D51-9B82-AC470A77C7DD}.Release|Any CPU.ActiveCfg = Release|Any CPU
		{B47938E4-0BCB-4D51-9B82-AC470A77C7DD}.Release|Any CPU.Build.0 = Release|Any CPU
		{AC6C3BA2-36E7-4637-A605-D714266D0C5F}.Debug|Any CPU.ActiveCfg = Debug|Any CPU
		{AC6C3BA2-36E7-4637-A605-D714266D0C5F}.Debug|Any CPU.Build.0 = Debug|Any CPU
		{AC6C3BA2-36E7-4637-A605-D714266D0C5F}.Release|Any CPU.ActiveCfg = Release|Any CPU
		{AC6C3BA2-36E7-4637-A605-D714266D0C5F}.Release|Any CPU.Build.0 = Release|Any CPU
		{AB665BB9-53D5-4982-9A50-345225C93256}.Debug|Any CPU.ActiveCfg = Debug|Any CPU
		{AB665BB9-53D5-4982-9A50-345225C93256}.Debug|Any CPU.Build.0 = Debug|Any CPU
		{AB665BB9-53D5-4982-9A50-345225C93256}.Release|Any CPU.ActiveCfg = Release|Any CPU
		{AB665BB9-53D5-4982-9A50-345225C93256}.Release|Any CPU.Build.0 = Release|Any CPU
		{7DD22068-369A-47C4-9DFB-CAF52FF1C541}.Debug|Any CPU.ActiveCfg = Debug|Any CPU
		{7DD22068-369A-47C4-9DFB-CAF52FF1C541}.Debug|Any CPU.Build.0 = Debug|Any CPU
		{7DD22068-369A-47C4-9DFB-CAF52FF1C541}.Release|Any CPU.ActiveCfg = Release|Any CPU
		{7DD22068-369A-47C4-9DFB-CAF52FF1C541}.Release|Any CPU.Build.0 = Release|Any CPU
		{B8D78B17-D1BD-4ABA-A0C4-D60BF49B2CFA}.Debug|Any CPU.ActiveCfg = Debug|Any CPU
		{B8D78B17-D1BD-4ABA-A0C4-D60BF49B2CFA}.Debug|Any CPU.Build.0 = Debug|Any CPU
		{B8D78B17-D1BD-4ABA-A0C4-D60BF49B2CFA}.Release|Any CPU.ActiveCfg = Release|Any CPU
		{B8D78B17-D1BD-4ABA-A0C4-D60BF49B2CFA}.Release|Any CPU.Build.0 = Release|Any CPU
		{E33A3249-0A36-4E83-B24B-0896E52EB7CC}.Debug|Any CPU.ActiveCfg = Debug|Any CPU
		{E33A3249-0A36-4E83-B24B-0896E52EB7CC}.Debug|Any CPU.Build.0 = Debug|Any CPU
		{E33A3249-0A36-4E83-B24B-0896E52EB7CC}.Release|Any CPU.ActiveCfg = Release|Any CPU
		{E33A3249-0A36-4E83-B24B-0896E52EB7CC}.Release|Any CPU.Build.0 = Release|Any CPU
		{8B40F3E2-9CB1-44E4-A05F-FFBB0B655B12}.Debug|Any CPU.ActiveCfg = Debug|Any CPU
		{8B40F3E2-9CB1-44E4-A05F-FFBB0B655B12}.Debug|Any CPU.Build.0 = Debug|Any CPU
		{8B40F3E2-9CB1-44E4-A05F-FFBB0B655B12}.Release|Any CPU.ActiveCfg = Release|Any CPU
		{8B40F3E2-9CB1-44E4-A05F-FFBB0B655B12}.Release|Any CPU.Build.0 = Release|Any CPU
		{3AC812A7-E848-48D8-AB6A-28DC7453F99E}.Debug|Any CPU.ActiveCfg = Debug|Any CPU
		{3AC812A7-E848-48D8-AB6A-28DC7453F99E}.Debug|Any CPU.Build.0 = Debug|Any CPU
		{3AC812A7-E848-48D8-AB6A-28DC7453F99E}.Release|Any CPU.ActiveCfg = Release|Any CPU
		{3AC812A7-E848-48D8-AB6A-28DC7453F99E}.Release|Any CPU.Build.0 = Release|Any CPU
		{B6A1D4C0-B96E-4B81-BCC9-603DA5BB52C6}.Debug|Any CPU.ActiveCfg = Debug|Any CPU
		{B6A1D4C0-B96E-4B81-BCC9-603DA5BB52C6}.Debug|Any CPU.Build.0 = Debug|Any CPU
		{B6A1D4C0-B96E-4B81-BCC9-603DA5BB52C6}.Release|Any CPU.ActiveCfg = Release|Any CPU
		{B6A1D4C0-B96E-4B81-BCC9-603DA5BB52C6}.Release|Any CPU.Build.0 = Release|Any CPU
		{55CB7408-E1E8-439A-A966-082DA04653D3}.Debug|Any CPU.ActiveCfg = Debug|Any CPU
		{55CB7408-E1E8-439A-A966-082DA04653D3}.Debug|Any CPU.Build.0 = Debug|Any CPU
		{55CB7408-E1E8-439A-A966-082DA04653D3}.Release|Any CPU.ActiveCfg = Release|Any CPU
		{55CB7408-E1E8-439A-A966-082DA04653D3}.Release|Any CPU.Build.0 = Release|Any CPU
		{038B303F-4C27-4A2E-BF4A-D38BCA4BB4E1}.Debug|Any CPU.ActiveCfg = Debug|Any CPU
		{038B303F-4C27-4A2E-BF4A-D38BCA4BB4E1}.Debug|Any CPU.Build.0 = Debug|Any CPU
		{038B303F-4C27-4A2E-BF4A-D38BCA4BB4E1}.Release|Any CPU.ActiveCfg = Release|Any CPU
		{038B303F-4C27-4A2E-BF4A-D38BCA4BB4E1}.Release|Any CPU.Build.0 = Release|Any CPU
		{4466DB45-04F6-47F5-B5DA-521B87AA9C7F}.Debug|Any CPU.ActiveCfg = Debug|Any CPU
		{4466DB45-04F6-47F5-B5DA-521B87AA9C7F}.Debug|Any CPU.Build.0 = Debug|Any CPU
		{4466DB45-04F6-47F5-B5DA-521B87AA9C7F}.Release|Any CPU.ActiveCfg = Release|Any CPU
		{4466DB45-04F6-47F5-B5DA-521B87AA9C7F}.Release|Any CPU.Build.0 = Release|Any CPU
		{E3ACD6A1-3B16-458E-BAF7-CFCC61090DBF}.Debug|Any CPU.ActiveCfg = Debug|Any CPU
		{E3ACD6A1-3B16-458E-BAF7-CFCC61090DBF}.Debug|Any CPU.Build.0 = Debug|Any CPU
		{E3ACD6A1-3B16-458E-BAF7-CFCC61090DBF}.Release|Any CPU.ActiveCfg = Release|Any CPU
		{E3ACD6A1-3B16-458E-BAF7-CFCC61090DBF}.Release|Any CPU.Build.0 = Release|Any CPU
		{77DBE444-20C6-49CC-BF60-94F60E64B7D4}.Debug|Any CPU.ActiveCfg = Debug|Any CPU
		{77DBE444-20C6-49CC-BF60-94F60E64B7D4}.Debug|Any CPU.Build.0 = Debug|Any CPU
		{77DBE444-20C6-49CC-BF60-94F60E64B7D4}.Release|Any CPU.ActiveCfg = Release|Any CPU
		{77DBE444-20C6-49CC-BF60-94F60E64B7D4}.Release|Any CPU.Build.0 = Release|Any CPU
		{9D762636-51E3-4CF3-83AC-2545CC333CFA}.Debug|Any CPU.ActiveCfg = Debug|Any CPU
		{9D762636-51E3-4CF3-83AC-2545CC333CFA}.Debug|Any CPU.Build.0 = Debug|Any CPU
		{9D762636-51E3-4CF3-83AC-2545CC333CFA}.Release|Any CPU.ActiveCfg = Release|Any CPU
		{9D762636-51E3-4CF3-83AC-2545CC333CFA}.Release|Any CPU.Build.0 = Release|Any CPU
		{CE542FAB-3D4E-49D9-9284-363DC840370D}.Debug|Any CPU.ActiveCfg = Debug|Any CPU
		{CE542FAB-3D4E-49D9-9284-363DC840370D}.Debug|Any CPU.Build.0 = Debug|Any CPU
		{CE542FAB-3D4E-49D9-9284-363DC840370D}.Release|Any CPU.ActiveCfg = Release|Any CPU
		{CE542FAB-3D4E-49D9-9284-363DC840370D}.Release|Any CPU.Build.0 = Release|Any CPU
		{0A1247B1-88D7-4393-B695-3911C40EF450}.Debug|Any CPU.ActiveCfg = Debug|Any CPU
		{0A1247B1-88D7-4393-B695-3911C40EF450}.Debug|Any CPU.Build.0 = Debug|Any CPU
		{0A1247B1-88D7-4393-B695-3911C40EF450}.Release|Any CPU.ActiveCfg = Release|Any CPU
		{0A1247B1-88D7-4393-B695-3911C40EF450}.Release|Any CPU.Build.0 = Release|Any CPU
		{3BEBC555-83AE-470E-B8BC-F08E1CB7D868}.Debug|Any CPU.ActiveCfg = Debug|Any CPU
		{3BEBC555-83AE-470E-B8BC-F08E1CB7D868}.Debug|Any CPU.Build.0 = Debug|Any CPU
		{3BEBC555-83AE-470E-B8BC-F08E1CB7D868}.Release|Any CPU.ActiveCfg = Release|Any CPU
		{3BEBC555-83AE-470E-B8BC-F08E1CB7D868}.Release|Any CPU.Build.0 = Release|Any CPU
		{295D2450-1F7E-4032-A139-2F0C8B342F06}.Debug|Any CPU.ActiveCfg = Debug|Any CPU
		{295D2450-1F7E-4032-A139-2F0C8B342F06}.Debug|Any CPU.Build.0 = Debug|Any CPU
		{295D2450-1F7E-4032-A139-2F0C8B342F06}.Release|Any CPU.ActiveCfg = Release|Any CPU
		{295D2450-1F7E-4032-A139-2F0C8B342F06}.Release|Any CPU.Build.0 = Release|Any CPU
		{55EA2897-92FF-4C47-8AF5-84B4A161CCBD}.Debug|Any CPU.ActiveCfg = Debug|Any CPU
		{55EA2897-92FF-4C47-8AF5-84B4A161CCBD}.Debug|Any CPU.Build.0 = Debug|Any CPU
		{55EA2897-92FF-4C47-8AF5-84B4A161CCBD}.Release|Any CPU.ActiveCfg = Release|Any CPU
		{55EA2897-92FF-4C47-8AF5-84B4A161CCBD}.Release|Any CPU.Build.0 = Release|Any CPU
		{7641F288-E06A-4DE4-BC8D-DD75D5470189}.Debug|Any CPU.ActiveCfg = Debug|Any CPU
		{7641F288-E06A-4DE4-BC8D-DD75D5470189}.Debug|Any CPU.Build.0 = Debug|Any CPU
		{7641F288-E06A-4DE4-BC8D-DD75D5470189}.Release|Any CPU.ActiveCfg = Release|Any CPU
		{7641F288-E06A-4DE4-BC8D-DD75D5470189}.Release|Any CPU.Build.0 = Release|Any CPU
		{F835310C-DFC0-4F20-9389-BA257634AFC5}.Debug|Any CPU.ActiveCfg = Debug|Any CPU
		{F835310C-DFC0-4F20-9389-BA257634AFC5}.Debug|Any CPU.Build.0 = Debug|Any CPU
		{F835310C-DFC0-4F20-9389-BA257634AFC5}.Release|Any CPU.ActiveCfg = Release|Any CPU
		{F835310C-DFC0-4F20-9389-BA257634AFC5}.Release|Any CPU.Build.0 = Release|Any CPU
		{129AADC8-D02E-48FA-A7E7-5F840061288E}.Debug|Any CPU.ActiveCfg = Debug|Any CPU
		{129AADC8-D02E-48FA-A7E7-5F840061288E}.Debug|Any CPU.Build.0 = Debug|Any CPU
		{129AADC8-D02E-48FA-A7E7-5F840061288E}.Release|Any CPU.ActiveCfg = Release|Any CPU
		{129AADC8-D02E-48FA-A7E7-5F840061288E}.Release|Any CPU.Build.0 = Release|Any CPU
		{1C4D6854-B340-4D9A-8F84-810E438C92F2}.Debug|Any CPU.ActiveCfg = Debug|Any CPU
		{1C4D6854-B340-4D9A-8F84-810E438C92F2}.Debug|Any CPU.Build.0 = Debug|Any CPU
		{1C4D6854-B340-4D9A-8F84-810E438C92F2}.Release|Any CPU.ActiveCfg = Release|Any CPU
		{1C4D6854-B340-4D9A-8F84-810E438C92F2}.Release|Any CPU.Build.0 = Release|Any CPU
		{AC14F8AC-6A72-4F4F-96F5-6BDC5B3970C9}.Debug|Any CPU.ActiveCfg = Debug|Any CPU
		{AC14F8AC-6A72-4F4F-96F5-6BDC5B3970C9}.Debug|Any CPU.Build.0 = Debug|Any CPU
		{AC14F8AC-6A72-4F4F-96F5-6BDC5B3970C9}.Release|Any CPU.ActiveCfg = Release|Any CPU
		{AC14F8AC-6A72-4F4F-96F5-6BDC5B3970C9}.Release|Any CPU.Build.0 = Release|Any CPU
		{E76C5B8F-3AB2-448E-AF56-CE15EC02AC13}.Debug|Any CPU.ActiveCfg = Debug|Any CPU
		{E76C5B8F-3AB2-448E-AF56-CE15EC02AC13}.Debug|Any CPU.Build.0 = Debug|Any CPU
		{E76C5B8F-3AB2-448E-AF56-CE15EC02AC13}.Release|Any CPU.ActiveCfg = Release|Any CPU
		{E76C5B8F-3AB2-448E-AF56-CE15EC02AC13}.Release|Any CPU.Build.0 = Release|Any CPU
		{A9D14690-0925-4C15-AC53-F61EF960CBEE}.Debug|Any CPU.ActiveCfg = Debug|Any CPU
		{A9D14690-0925-4C15-AC53-F61EF960CBEE}.Debug|Any CPU.Build.0 = Debug|Any CPU
		{A9D14690-0925-4C15-AC53-F61EF960CBEE}.Release|Any CPU.ActiveCfg = Release|Any CPU
		{A9D14690-0925-4C15-AC53-F61EF960CBEE}.Release|Any CPU.Build.0 = Release|Any CPU
		{3F37B26E-8F19-4117-B998-F0740167FFD7}.Debug|Any CPU.ActiveCfg = Debug|Any CPU
		{3F37B26E-8F19-4117-B998-F0740167FFD7}.Debug|Any CPU.Build.0 = Debug|Any CPU
		{3F37B26E-8F19-4117-B998-F0740167FFD7}.Release|Any CPU.ActiveCfg = Release|Any CPU
		{3F37B26E-8F19-4117-B998-F0740167FFD7}.Release|Any CPU.Build.0 = Release|Any CPU
		{BAF9023A-105C-4BE2-A172-2FB5ACE18451}.Debug|Any CPU.ActiveCfg = Debug|Any CPU
		{BAF9023A-105C-4BE2-A172-2FB5ACE18451}.Debug|Any CPU.Build.0 = Debug|Any CPU
		{BAF9023A-105C-4BE2-A172-2FB5ACE18451}.Release|Any CPU.ActiveCfg = Release|Any CPU
		{BAF9023A-105C-4BE2-A172-2FB5ACE18451}.Release|Any CPU.Build.0 = Release|Any CPU
		{8C6468A8-22EC-478B-BD26-62E0C50A3FB6}.Debug|Any CPU.ActiveCfg = Debug|Any CPU
		{8C6468A8-22EC-478B-BD26-62E0C50A3FB6}.Debug|Any CPU.Build.0 = Debug|Any CPU
		{8C6468A8-22EC-478B-BD26-62E0C50A3FB6}.Release|Any CPU.ActiveCfg = Release|Any CPU
		{8C6468A8-22EC-478B-BD26-62E0C50A3FB6}.Release|Any CPU.Build.0 = Release|Any CPU
	EndGlobalSection
	GlobalSection(SolutionProperties) = preSolution
		HideSolutionNode = FALSE
	EndGlobalSection
	GlobalSection(NestedProjects) = preSolution
		{ECF25A8E-5C96-42FF-9360-81C19A5D04B1} = {2D2CB5AC-8B06-4238-BEA6-07A1516068AA}
		{5ECBBF65-36A4-4EB4-A3B7-B70832F3B219} = {90AB3C3E-A6E2-4AC1-A62A-176BD65DE40A}
		{9AD0BCA7-7DFD-41F8-A906-753DBDF0E3E8} = {5235DD2A-216B-4813-ACC6-5A43AB13BE00}
		{B47938E4-0BCB-4D51-9B82-AC470A77C7DD} = {2D2CB5AC-8B06-4238-BEA6-07A1516068AA}
		{D1C936F4-5DBE-4962-A982-4781DDFD1D13} = {619485B8-2019-40FE-86E3-A77F72E63C74}
		{5235DD2A-216B-4813-ACC6-5A43AB13BE00} = {619485B8-2019-40FE-86E3-A77F72E63C74}
		{1703EA4B-8498-48D7-97D2-59A5DE59137D} = {619485B8-2019-40FE-86E3-A77F72E63C74}
		{AC6C3BA2-36E7-4637-A605-D714266D0C5F} = {CFE44E9F-FC5A-4A05-9C8D-E36A4480BBD5}
		{AB665BB9-53D5-4982-9A50-345225C93256} = {CFE44E9F-FC5A-4A05-9C8D-E36A4480BBD5}
		{7DD22068-369A-47C4-9DFB-CAF52FF1C541} = {0726B958-5021-4036-962C-0B80BE99117C}
		{F7AABA47-1373-4C8B-8AF8-7845BDFB9E3C} = {D3ECA88E-3AD6-4AC8-A700-2D118A5AB67F}
		{CFE44E9F-FC5A-4A05-9C8D-E36A4480BBD5} = {D1C936F4-5DBE-4962-A982-4781DDFD1D13}
		{003FE80A-7C21-4F41-B1AF-1F9241D4972F} = {D1C936F4-5DBE-4962-A982-4781DDFD1D13}
		{B8D78B17-D1BD-4ABA-A0C4-D60BF49B2CFA} = {003FE80A-7C21-4F41-B1AF-1F9241D4972F}
		{E33A3249-0A36-4E83-B24B-0896E52EB7CC} = {F7AABA47-1373-4C8B-8AF8-7845BDFB9E3C}
		{BCD50474-CB70-4DE0-893D-26A8742621A9} = {D3ECA88E-3AD6-4AC8-A700-2D118A5AB67F}
		{96764DAD-8357-4359-8671-16119C9579A9} = {D3ECA88E-3AD6-4AC8-A700-2D118A5AB67F}
		{253F1C12-1BB6-4F05-8BEC-154631F1AED7} = {D3ECA88E-3AD6-4AC8-A700-2D118A5AB67F}
		{F90BE39E-7C9C-46A8-9BD5-6A5F87099802} = {BCD50474-CB70-4DE0-893D-26A8742621A9}
		{F993A520-8527-4287-8661-C4168B522761} = {BCD50474-CB70-4DE0-893D-26A8742621A9}
		{A0EB9CDC-863C-4A53-9C21-90E051B1607A} = {F993A520-8527-4287-8661-C4168B522761}
		{F9497101-8FCD-44B2-85D3-0DD4E9F1510A} = {F993A520-8527-4287-8661-C4168B522761}
		{8B40F3E2-9CB1-44E4-A05F-FFBB0B655B12} = {0726B958-5021-4036-962C-0B80BE99117C}
		{0726B958-5021-4036-962C-0B80BE99117C} = {7AD88243-45B6-486E-897A-DCC65397EF0F}
		{FFD57E76-8AFA-4CAB-A2A5-B4176B92593D} = {D1C936F4-5DBE-4962-A982-4781DDFD1D13}
		{7D7EC6BC-3343-4E00-A1F5-5483B27C1870} = {FFD57E76-8AFA-4CAB-A2A5-B4176B92593D}
		{3AC812A7-E848-48D8-AB6A-28DC7453F99E} = {DB2678D4-FF1B-4195-B45B-7EB1ED2F1EE1}
		{90AB3C3E-A6E2-4AC1-A62A-176BD65DE40A} = {FFD57E76-8AFA-4CAB-A2A5-B4176B92593D}
		{E18831B2-70B0-461B-B0B2-EB6B84DCF823} = {D3ECA88E-3AD6-4AC8-A700-2D118A5AB67F}
		{DB2678D4-FF1B-4195-B45B-7EB1ED2F1EE1} = {7D7EC6BC-3343-4E00-A1F5-5483B27C1870}
		{7CB9B533-3508-409F-BFE1-6D5D5C1290BA} = {7D7EC6BC-3343-4E00-A1F5-5483B27C1870}
		{B6A1D4C0-B96E-4B81-BCC9-603DA5BB52C6} = {7CB9B533-3508-409F-BFE1-6D5D5C1290BA}
		{FD9517E2-4250-4F73-A5B3-E71AD795C06D} = {253F1C12-1BB6-4F05-8BEC-154631F1AED7}
		{9C4A18A6-473B-46F1-9D07-7E9365A812F2} = {253F1C12-1BB6-4F05-8BEC-154631F1AED7}
		{206A5BEA-964F-4C32-BE9E-A2780651D5CF} = {E18831B2-70B0-461B-B0B2-EB6B84DCF823}
		{E34555C5-4E1F-498A-A231-466ED40356E8} = {E18831B2-70B0-461B-B0B2-EB6B84DCF823}
		{2D2CB5AC-8B06-4238-BEA6-07A1516068AA} = {96764DAD-8357-4359-8671-16119C9579A9}
		{5980166C-3720-4BC0-ADAD-3C6A5ABE26D6} = {96764DAD-8357-4359-8671-16119C9579A9}
		{55CB7408-E1E8-439A-A966-082DA04653D3} = {7CB9B533-3508-409F-BFE1-6D5D5C1290BA}
		{93FCC47A-303D-4B5F-ADDF-283F38CC4667} = {7AD88243-45B6-486E-897A-DCC65397EF0F}
		{038B303F-4C27-4A2E-BF4A-D38BCA4BB4E1} = {93FCC47A-303D-4B5F-ADDF-283F38CC4667}
		{763FA1DC-FF0E-449F-8A1A-F7B966CC3880} = {D3ECA88E-3AD6-4AC8-A700-2D118A5AB67F}
		{4466DB45-04F6-47F5-B5DA-521B87AA9C7F} = {90AB3C3E-A6E2-4AC1-A62A-176BD65DE40A}
		{E3ACD6A1-3B16-458E-BAF7-CFCC61090DBF} = {9C4A18A6-473B-46F1-9D07-7E9365A812F2}
		{BF17F515-5375-4E44-8D3D-98FB16D18286} = {D3ECA88E-3AD6-4AC8-A700-2D118A5AB67F}
		{77DBE444-20C6-49CC-BF60-94F60E64B7D4} = {BF17F515-5375-4E44-8D3D-98FB16D18286}
		{90560ADB-BF41-4EF7-9892-BC1BAE19E6CE} = {96764DAD-8357-4359-8671-16119C9579A9}
		{9D762636-51E3-4CF3-83AC-2545CC333CFA} = {90560ADB-BF41-4EF7-9892-BC1BAE19E6CE}
		{CE542FAB-3D4E-49D9-9284-363DC840370D} = {F7AABA47-1373-4C8B-8AF8-7845BDFB9E3C}
		{0A1247B1-88D7-4393-B695-3911C40EF450} = {9C4A18A6-473B-46F1-9D07-7E9365A812F2}
		{3BEBC555-83AE-470E-B8BC-F08E1CB7D868} = {F7AABA47-1373-4C8B-8AF8-7845BDFB9E3C}
		{295D2450-1F7E-4032-A139-2F0C8B342F06} = {90560ADB-BF41-4EF7-9892-BC1BAE19E6CE}
		{55EA2897-92FF-4C47-8AF5-84B4A161CCBD} = {CFE44E9F-FC5A-4A05-9C8D-E36A4480BBD5}
		{7641F288-E06A-4DE4-BC8D-DD75D5470189} = {9C4A18A6-473B-46F1-9D07-7E9365A812F2}
		{F835310C-DFC0-4F20-9389-BA257634AFC5} = {206A5BEA-964F-4C32-BE9E-A2780651D5CF}
		{129AADC8-D02E-48FA-A7E7-5F840061288E} = {206A5BEA-964F-4C32-BE9E-A2780651D5CF}
		{1C4D6854-B340-4D9A-8F84-810E438C92F2} = {206A5BEA-964F-4C32-BE9E-A2780651D5CF}
		{AC14F8AC-6A72-4F4F-96F5-6BDC5B3970C9} = {7CB9B533-3508-409F-BFE1-6D5D5C1290BA}
		{E76C5B8F-3AB2-448E-AF56-CE15EC02AC13} = {C709983C-F951-49B1-911C-FD08DA3DA1C4}
		{A9D14690-0925-4C15-AC53-F61EF960CBEE} = {DB2678D4-FF1B-4195-B45B-7EB1ED2F1EE1}
		{3F37B26E-8F19-4117-B998-F0740167FFD7} = {78AEF802-09E2-4F52-83F0-1255C2F1487D}
		{78AEF802-09E2-4F52-83F0-1255C2F1487D} = {FFD57E76-8AFA-4CAB-A2A5-B4176B92593D}
		{BAF9023A-105C-4BE2-A172-2FB5ACE18451} = {38136EA4-1A81-4084-B12D-8A113C9C028F}
		{8C6468A8-22EC-478B-BD26-62E0C50A3FB6} = {38136EA4-1A81-4084-B12D-8A113C9C028F}
	EndGlobalSection
	GlobalSection(ExtensibilityGlobals) = postSolution
		SolutionGuid = {354CF846-4F71-4C39-990C-78F52B4BBFEE}
	EndGlobalSection
EndGlobal
